// !$*UTF8*$!
{
	archiveVersion = 1;
	classes = {
	};
	objectVersion = 56;
	objects = {

/* Begin PBXBuildFile section */
		10A000000000000000000011 /* SudokuApp.swift in Sources */ = {isa = PBXBuildFile; fileRef = 10A000000000000000000001 /* SudokuApp.swift */; };
		10A000000000000000000012 /* ContentView.swift in Sources */ = {isa = PBXBuildFile; fileRef = 10A000000000000000000002 /* ContentView.swift */; };
		10A000000000000000000013 /* Models.swift in Sources */ = {isa = PBXBuildFile; fileRef = 10A000000000000000000003 /* Models.swift */; };
		10A000000000000000000014 /* SudokuGenerator.swift in Sources */ = {isa = PBXBuildFile; fileRef = 10A000000000000000000004 /* SudokuGenerator.swift */; };
		10A000000000000000000015 /* GameStore.swift in Sources */ = {isa = PBXBuildFile; fileRef = 10A000000000000000000005 /* GameStore.swift */; };
		10A000000000000000000016 /* GameViewModel.swift in Sources */ = {isa = PBXBuildFile; fileRef = 10A000000000000000000006 /* GameViewModel.swift */; };
		10A000000000000000000017 /* Assets.xcassets in Resources */ = {isa = PBXBuildFile; fileRef = 10A000000000000000000007 /* Assets.xcassets */; };
		10A000000000000000000018 /* UnlimitedHintsStore.swift in Sources */ = {isa = PBXBuildFile; fileRef = 10A00000000000000000000A /* UnlimitedHintsStore.swift */; };
		10A00000000000000000001A /* L10n.swift in Sources */ = {isa = PBXBuildFile; fileRef = 10A00000000000000000000B /* L10n.swift */; };
		10A00000000000000000001B /* Localizable.strings in Resources */ = {isa = PBXBuildFile; fileRef = 10A000000000000000000020 /* Localizable.strings */; };
		10A00000000000000000001C /* SudokuCoreEngine.swift in Sources */ = {isa = PBXBuildFile; fileRef = 10A000000000000000000028 /* SudokuCoreEngine.swift */; };
		10A00000000000000000001D /* SudokuCoreBundle.js in Resources */ = {isa = PBXBuildFile; fileRef = 10A000000000000000000029 /* SudokuCoreBundle.js */; };
		10A00000000000000000001E /* PuzzleBank.swift in Sources */ = {isa = PBXBuildFile; fileRef = 10A00000000000000000002A /* PuzzleBank.swift */; };
		10A00000000000000000001F /* PuzzleBank.json in Resources */ = {isa = PBXBuildFile; fileRef = 10A00000000000000000002B /* PuzzleBank.json */; };
		10A00000000000000000002D /* SudokuScribbleOverlay.swift in Sources */ = {isa = PBXBuildFile; fileRef = 10A00000000000000000002C /* SudokuScribbleOverlay.swift */; };
		10A00000000000000000002F /* MNISTClassifier.mlmodel in Sources */ = {isa = PBXBuildFile; fileRef = 10A00000000000000000002E /* MNISTClassifier.mlmodel */; };
		10B000000000000000000011 /* SudokuTests.swift in Sources */ = {isa = PBXBuildFile; fileRef = 10B000000000000000000001 /* SudokuTests.swift */; };
/* End PBXBuildFile section */

/* Begin PBXContainerItemProxy section */
		10B000000000000000000020 /* PBXContainerItemProxy */ = {
			isa = PBXContainerItemProxy;
			containerPortal = 10A000000000000000000080 /* Project object */;
			proxyType = 1;
			remoteGlobalIDString = 10A000000000000000000050;
			remoteInfo = Sudoku;
		};
/* End PBXContainerItemProxy section */

/* Begin PBXFileReference section */
		10A000000000000000000001 /* SudokuApp.swift */ = {isa = PBXFileReference; lastKnownFileType = sourcecode.swift; path = SudokuApp.swift; sourceTree = "<group>"; };
		10A000000000000000000002 /* ContentView.swift */ = {isa = PBXFileReference; lastKnownFileType = sourcecode.swift; path = ContentView.swift; sourceTree = "<group>"; };
		10A000000000000000000003 /* Models.swift */ = {isa = PBXFileReference; lastKnownFileType = sourcecode.swift; path = Models.swift; sourceTree = "<group>"; };
		10A000000000000000000004 /* SudokuGenerator.swift */ = {isa = PBXFileReference; lastKnownFileType = sourcecode.swift; path = SudokuGenerator.swift; sourceTree = "<group>"; };
		10A000000000000000000005 /* GameStore.swift */ = {isa = PBXFileReference; lastKnownFileType = sourcecode.swift; path = GameStore.swift; sourceTree = "<group>"; };
		10A000000000000000000006 /* GameViewModel.swift */ = {isa = PBXFileReference; lastKnownFileType = sourcecode.swift; path = GameViewModel.swift; sourceTree = "<group>"; };
		10A000000000000000000007 /* Assets.xcassets */ = {isa = PBXFileReference; lastKnownFileType = folder.assetcatalog; path = Assets.xcassets; sourceTree = "<group>"; };
		10A000000000000000000008 /* Info.plist */ = {isa = PBXFileReference; lastKnownFileType = text.plist.xml; path = Info.plist; sourceTree = "<group>"; };
		10A000000000000000000009 /* Sudoku.app */ = {isa = PBXFileReference; explicitFileType = wrapper.application; includeInIndex = 0; path = Sudoku.app; sourceTree = BUILT_PRODUCTS_DIR; };
		10A00000000000000000000A /* UnlimitedHintsStore.swift */ = {isa = PBXFileReference; lastKnownFileType = sourcecode.swift; path = UnlimitedHintsStore.swift; sourceTree = "<group>"; };
		10A00000000000000000000B /* L10n.swift */ = {isa = PBXFileReference; lastKnownFileType = sourcecode.swift; path = L10n.swift; sourceTree = "<group>"; };
		10A000000000000000000022 /* en */ = {isa = PBXFileReference; lastKnownFileType = text.plist.strings; name = en; path = en.lproj/Localizable.strings; sourceTree = "<group>"; };
		10A000000000000000000023 /* fr */ = {isa = PBXFileReference; lastKnownFileType = text.plist.strings; name = fr; path = fr.lproj/Localizable.strings; sourceTree = "<group>"; };
		10A000000000000000000024 /* es */ = {isa = PBXFileReference; lastKnownFileType = text.plist.strings; name = es; path = es.lproj/Localizable.strings; sourceTree = "<group>"; };
		10A000000000000000000025 /* ko */ = {isa = PBXFileReference; lastKnownFileType = text.plist.strings; name = ko; path = ko.lproj/Localizable.strings; sourceTree = "<group>"; };
		10A000000000000000000026 /* ja */ = {isa = PBXFileReference; lastKnownFileType = text.plist.strings; name = ja; path = ja.lproj/Localizable.strings; sourceTree = "<group>"; };
		10A000000000000000000027 /* zh-Hans */ = {isa = PBXFileReference; lastKnownFileType = text.plist.strings; name = "zh-Hans"; path = "zh-Hans.lproj/Localizable.strings"; sourceTree = "<group>"; };
		10A000000000000000000028 /* SudokuCoreEngine.swift */ = {isa = PBXFileReference; lastKnownFileType = sourcecode.swift; path = SudokuCoreEngine.swift; sourceTree = "<group>"; };
		10A000000000000000000029 /* SudokuCoreBundle.js */ = {isa = PBXFileReference; lastKnownFileType = sourcecode.javascript; path = SudokuCoreBundle.js; sourceTree = "<group>"; };
		10A00000000000000000002A /* PuzzleBank.swift */ = {isa = PBXFileReference; lastKnownFileType = sourcecode.swift; path = PuzzleBank.swift; sourceTree = "<group>"; };
		10A00000000000000000002B /* PuzzleBank.json */ = {isa = PBXFileReference; lastKnownFileType = text.json; path = PuzzleBank.json; sourceTree = "<group>"; };
		10A00000000000000000002C /* SudokuScribbleOverlay.swift */ = {isa = PBXFileReference; lastKnownFileType = sourcecode.swift; path = SudokuScribbleOverlay.swift; sourceTree = "<group>"; };
		10A00000000000000000002E /* MNISTClassifier.mlmodel */ = {isa = PBXFileReference; lastKnownFileType = file.mlmodel; path = MNISTClassifier.mlmodel; sourceTree = "<group>"; };
		10B000000000000000000001 /* SudokuTests.swift */ = {isa = PBXFileReference; lastKnownFileType = sourcecode.swift; path = SudokuTests.swift; sourceTree = "<group>"; };
		10B000000000000000000009 /* SudokuTests.xctest */ = {isa = PBXFileReference; explicitFileType = wrapper.cfbundle; includeInIndex = 0; path = SudokuTests.xctest; sourceTree = BUILT_PRODUCTS_DIR; };
/* End PBXFileReference section */

/* Begin PBXFrameworksBuildPhase section */
		10A000000000000000000030 /* Frameworks */ = {
			isa = PBXFrameworksBuildPhase;
			buildActionMask = 2147483647;
			files = (
			);
			runOnlyForDeploymentPostprocessing = 0;
		};
		10B000000000000000000030 /* Frameworks */ = {
			isa = PBXFrameworksBuildPhase;
			buildActionMask = 2147483647;
			files = (
			);
			runOnlyForDeploymentPostprocessing = 0;
		};
/* End PBXFrameworksBuildPhase section */

/* Begin PBXVariantGroup section */
		10A000000000000000000020 /* Localizable.strings */ = {
			isa = PBXVariantGroup;
			children = (
				10A000000000000000000022 /* en */,
				10A000000000000000000023 /* fr */,
				10A000000000000000000024 /* es */,
				10A000000000000000000025 /* ko */,
				10A000000000000000000026 /* ja */,
				10A000000000000000000027 /* zh-Hans */,
			);
			name = Localizable.strings;
			sourceTree = "<group>";
		};
/* End PBXVariantGroup section */

/* Begin PBXGroup section */
		10A000000000000000000040 = {
			isa = PBXGroup;
			children = (
				10A000000000000000000041 /* Sudoku */,
				10B000000000000000000041 /* SudokuTests */,
				10A000000000000000000042 /* Products */,
			);
			sourceTree = "<group>";
		};
		10A000000000000000000041 /* Sudoku */ = {
			isa = PBXGroup;
			children = (
				10A000000000000000000001 /* SudokuApp.swift */,
				10A000000000000000000002 /* ContentView.swift */,
				10A000000000000000000003 /* Models.swift */,
				10A000000000000000000004 /* SudokuGenerator.swift */,
				10A00000000000000000002A /* PuzzleBank.swift */,
				10A00000000000000000002B /* PuzzleBank.json */,
				10A000000000000000000028 /* SudokuCoreEngine.swift */,
				10A000000000000000000029 /* SudokuCoreBundle.js */,
				10A000000000000000000005 /* GameStore.swift */,
				10A000000000000000000006 /* GameViewModel.swift */,
				10A00000000000000000002C /* SudokuScribbleOverlay.swift */,
				10A00000000000000000002E /* MNISTClassifier.mlmodel */,
				10A00000000000000000000A /* UnlimitedHintsStore.swift */,
				10A00000000000000000000B /* L10n.swift */,
				10A000000000000000000020 /* Localizable.strings */,
				10A000000000000000000007 /* Assets.xcassets */,
				10A000000000000000000008 /* Info.plist */,
			);
			path = Sudoku;
			sourceTree = "<group>";
		};
		10A000000000000000000042 /* Products */ = {
			isa = PBXGroup;
			children = (
				10A000000000000000000009 /* Sudoku.app */,
				10B000000000000000000009 /* SudokuTests.xctest */,
			);
			name = Products;
			sourceTree = "<group>";
		};
		10B000000000000000000041 /* SudokuTests */ = {
			isa = PBXGroup;
			children = (
				10B000000000000000000001 /* SudokuTests.swift */,
			);
			path = SudokuTests;
			sourceTree = "<group>";
		};
/* End PBXGroup section */

/* Begin PBXNativeTarget section */
		10A000000000000000000050 /* Sudoku */ = {
			isa = PBXNativeTarget;
			buildConfigurationList = 10A000000000000000000070 /* Build configuration list for PBXNativeTarget "Sudoku" */;
			buildPhases = (
				10A000000000000000000060 /* Sources */,
				10A000000000000000000030 /* Frameworks */,
				10A000000000000000000061 /* Resources */,
			);
			buildRules = (
			);
			dependencies = (
			);
			name = Sudoku;
			packageProductDependencies = (
			);
			productName = Sudoku;
			productReference = 10A000000000000000000009 /* Sudoku.app */;
			productType = "com.apple.product-type.application";
		};
		10B000000000000000000050 /* SudokuTests */ = {
			isa = PBXNativeTarget;
			buildConfigurationList = 10B000000000000000000070 /* Build configuration list for PBXNativeTarget "SudokuTests" */;
			buildPhases = (
				10B000000000000000000060 /* Sources */,
				10B000000000000000000030 /* Frameworks */,
				10B000000000000000000061 /* Resources */,
			);
			buildRules = (
			);
			dependencies = (
				10B000000000000000000021 /* PBXTargetDependency */,
			);
			name = SudokuTests;
			productName = SudokuTests;
			productReference = 10B000000000000000000009 /* SudokuTests.xctest */;
			productType = "com.apple.product-type.bundle.unit-test";
		};
/* End PBXNativeTarget section */

/* Begin PBXProject section */
		10A000000000000000000080 /* Project object */ = {
			isa = PBXProject;
			attributes = {
				BuildIndependentTargetsInParallel = 1;
				LastSwiftUpdateCheck = 1500;
				LastUpgradeCheck = 1500;
				TargetAttributes = {
					10A000000000000000000050 = {
						CreatedOnToolsVersion = 15.0;
					};
					10B000000000000000000050 = {
						CreatedOnToolsVersion = 15.0;
						TestTargetID = 10A000000000000000000050;
					};
				};
			};
			buildConfigurationList = 10A000000000000000000081 /* Build configuration list for PBXProject "Sudoku" */;
			compatibilityVersion = "Xcode 14.0";
			developmentRegion = en;
			hasScannedForEncodings = 0;
			knownRegions = (
				en,
				Base,
				fr,
				es,
				ko,
				ja,
				"zh-Hans",
			);
			mainGroup = 10A000000000000000000040;
			packageReferences = (
			);
			productRefGroup = 10A000000000000000000042 /* Products */;
			projectDirPath = "";
			projectRoot = "";
			targets = (
				10A000000000000000000050 /* Sudoku */,
				10B000000000000000000050 /* SudokuTests */,
			);
		};
/* End PBXProject section */

/* Begin PBXResourcesBuildPhase section */
		10A000000000000000000061 /* Resources */ = {
			isa = PBXResourcesBuildPhase;
			buildActionMask = 2147483647;
			files = (
				10A000000000000000000017 /* Assets.xcassets in Resources */,
				10A00000000000000000001B /* Localizable.strings in Resources */,
				10A00000000000000000001D /* SudokuCoreBundle.js in Resources */,
				10A00000000000000000001F /* PuzzleBank.json in Resources */,
			);
			runOnlyForDeploymentPostprocessing = 0;
		};
		10B000000000000000000061 /* Resources */ = {
			isa = PBXResourcesBuildPhase;
			buildActionMask = 2147483647;
			files = (
			);
			runOnlyForDeploymentPostprocessing = 0;
		};
/* End PBXResourcesBuildPhase section */

/* Begin PBXSourcesBuildPhase section */
		10A000000000000000000060 /* Sources */ = {
			isa = PBXSourcesBuildPhase;
			buildActionMask = 2147483647;
			files = (
				10A000000000000000000011 /* SudokuApp.swift in Sources */,
				10A000000000000000000012 /* ContentView.swift in Sources */,
				10A000000000000000000013 /* Models.swift in Sources */,
				10A000000000000000000014 /* SudokuGenerator.swift in Sources */,
				10A000000000000000000015 /* GameStore.swift in Sources */,
				10A000000000000000000016 /* GameViewModel.swift in Sources */,
				10A000000000000000000018 /* UnlimitedHintsStore.swift in Sources */,
				10A00000000000000000001A /* L10n.swift in Sources */,
				10A00000000000000000001C /* SudokuCoreEngine.swift in Sources */,
				10A00000000000000000001E /* PuzzleBank.swift in Sources */,
				10A00000000000000000002D /* SudokuScribbleOverlay.swift in Sources */,
				10A00000000000000000002F /* MNISTClassifier.mlmodel in Sources */,
			);
			runOnlyForDeploymentPostprocessing = 0;
		};
		10B000000000000000000060 /* Sources */ = {
			isa = PBXSourcesBuildPhase;
			buildActionMask = 2147483647;
			files = (
				10B000000000000000000011 /* SudokuTests.swift in Sources */,
			);
			runOnlyForDeploymentPostprocessing = 0;
		};
/* End PBXSourcesBuildPhase section */

/* Begin PBXTargetDependency section */
		10B000000000000000000021 /* PBXTargetDependency */ = {
			isa = PBXTargetDependency;
			target = 10A000000000000000000050 /* Sudoku */;
			targetProxy = 10B000000000000000000020 /* PBXContainerItemProxy */;
		};
/* End PBXTargetDependency section */

/* Begin XCBuildConfiguration section */
		10A000000000000000000090 /* Debug */ = {
			isa = XCBuildConfiguration;
			buildSettings = {
				ALWAYS_SEARCH_USER_PATHS = NO;
				CLANG_ANALYZER_NONNULL = YES;
				CLANG_ANALYZER_NUMBER_OBJECT_CONVERSION = YES_AGGRESSIVE;
				CLANG_CXX_LANGUAGE_STANDARD = "gnu++20";
				CLANG_ENABLE_MODULES = YES;
				CLANG_ENABLE_OBJC_ARC = YES;
				CLANG_ENABLE_OBJC_WEAK = YES;
				CLANG_WARN_BLOCK_CAPTURE_AUTORELEASING = YES;
				CLANG_WARN_BOOL_CONVERSION = YES;
				CLANG_WARN_COMMA = YES;
				CLANG_WARN_CONSTANT_CONVERSION = YES;
				CLANG_WARN_DEPRECATED_OBJC_IMPLEMENTATIONS = YES;
				CLANG_WARN_DIRECT_OBJC_ISA_USAGE = YES_ERROR;
				CLANG_WARN_DOCUMENTATION_COMMENTS = YES;
				CLANG_WARN_EMPTY_BODY = YES;
				CLANG_WARN_ENUM_CONVERSION = YES;
				CLANG_WARN_INFINITE_RECURSION = YES;
				CLANG_WARN_INT_CONVERSION = YES;
				CLANG_WARN_NON_LITERAL_NULL_CONVERSION = YES;
				CLANG_WARN_OBJC_IMPLICIT_RETAIN_SELF = YES;
				CLANG_WARN_OBJC_LITERAL_CONVERSION = YES;
				CLANG_WARN_OBJC_ROOT_CLASS = YES_ERROR;
				CLANG_WARN_QUOTED_INCLUDE_IN_FRAMEWORK_HEADER = YES;
				CLANG_WARN_RANGE_LOOP_ANALYSIS = YES;
				CLANG_WARN_STRICT_PROTOTYPES = YES;
				CLANG_WARN_SUSPICIOUS_MOVE = YES;
				CLANG_WARN_UNGUARDED_AVAILABILITY = YES_AGGRESSIVE;
				CLANG_WARN_UNREACHABLE_CODE = YES;
				CLANG_WARN__DUPLICATE_METHOD_MATCH = YES;
				COPY_PHASE_STRIP = NO;
				DEBUG_INFORMATION_FORMAT = dwarf;
				ENABLE_STRICT_OBJC_MSGSEND = YES;
				ENABLE_TESTABILITY = YES;
				ENABLE_USER_SCRIPT_SANDBOXING = YES;
				GCC_C_LANGUAGE_STANDARD = gnu17;
				GCC_DYNAMIC_NO_PIC = NO;
				GCC_NO_COMMON_BLOCKS = YES;
				GCC_OPTIMIZATION_LEVEL = 0;
				GCC_PREPROCESSOR_DEFINITIONS = (
					"DEBUG=1",
					"$(inherited)",
				);
				GCC_WARN_64_TO_32_BIT_CONVERSION = YES;
				GCC_WARN_ABOUT_RETURN_TYPE = YES_ERROR;
				GCC_WARN_UNDECLARED_SELECTOR = YES;
				GCC_WARN_UNINITIALIZED_AUTOS = YES_AGGRESSIVE;
				GCC_WARN_UNUSED_FUNCTION = YES;
				GCC_WARN_UNUSED_VARIABLE = YES;
				IPHONEOS_DEPLOYMENT_TARGET = 17.0;
				MTL_ENABLE_DEBUG_INFO = INCLUDE_SOURCE;
				MTL_FAST_MATH = YES;
				ONLY_ACTIVE_ARCH = YES;
				SDKROOT = iphoneos;
				SWIFT_ACTIVE_COMPILATION_CONDITIONS = DEBUG;
				SWIFT_OPTIMIZATION_LEVEL = "-Onone";
			};
			name = Debug;
		};
		10A000000000000000000091 /* Release */ = {
			isa = XCBuildConfiguration;
			buildSettings = {
				ALWAYS_SEARCH_USER_PATHS = NO;
				CLANG_ANALYZER_NONNULL = YES;
				CLANG_ANALYZER_NUMBER_OBJECT_CONVERSION = YES_AGGRESSIVE;
				CLANG_CXX_LANGUAGE_STANDARD = "gnu++20";
				CLANG_ENABLE_MODULES = YES;
				CLANG_ENABLE_OBJC_ARC = YES;
				CLANG_ENABLE_OBJC_WEAK = YES;
				CLANG_WARN_BLOCK_CAPTURE_AUTORELEASING = YES;
				CLANG_WARN_BOOL_CONVERSION = YES;
				CLANG_WARN_COMMA = YES;
				CLANG_WARN_CONSTANT_CONVERSION = YES;
				CLANG_WARN_DEPRECATED_OBJC_IMPLEMENTATIONS = YES;
				CLANG_WARN_DIRECT_OBJC_ISA_USAGE = YES_ERROR;
				CLANG_WARN_DOCUMENTATION_COMMENTS = YES;
				CLANG_WARN_EMPTY_BODY = YES;
				CLANG_WARN_ENUM_CONVERSION = YES;
				CLANG_WARN_INFINITE_RECURSION = YES;
				CLANG_WARN_INT_CONVERSION = YES;
				CLANG_WARN_NON_LITERAL_NULL_CONVERSION = YES;
				CLANG_WARN_OBJC_IMPLICIT_RETAIN_SELF = YES;
				CLANG_WARN_OBJC_LITERAL_CONVERSION = YES;
				CLANG_WARN_OBJC_ROOT_CLASS = YES_ERROR;
				CLANG_WARN_QUOTED_INCLUDE_IN_FRAMEWORK_HEADER = YES;
				CLANG_WARN_RANGE_LOOP_ANALYSIS = YES;
				CLANG_WARN_STRICT_PROTOTYPES = YES;
				CLANG_WARN_SUSPICIOUS_MOVE = YES;
				CLANG_WARN_UNGUARDED_AVAILABILITY = YES_AGGRESSIVE;
				CLANG_WARN_UNREACHABLE_CODE = YES;
				CLANG_WARN__DUPLICATE_METHOD_MATCH = YES;
				COPY_PHASE_STRIP = NO;
				DEBUG_INFORMATION_FORMAT = "dwarf-with-dsym";
				ENABLE_NS_ASSERTIONS = NO;
				ENABLE_STRICT_OBJC_MSGSEND = YES;
				ENABLE_USER_SCRIPT_SANDBOXING = YES;
				GCC_C_LANGUAGE_STANDARD = gnu17;
				GCC_NO_COMMON_BLOCKS = YES;
				GCC_WARN_64_TO_32_BIT_CONVERSION = YES;
				GCC_WARN_ABOUT_RETURN_TYPE = YES_ERROR;
				GCC_WARN_UNDECLARED_SELECTOR = YES;
				GCC_WARN_UNINITIALIZED_AUTOS = YES_AGGRESSIVE;
				GCC_WARN_UNUSED_FUNCTION = YES;
				GCC_WARN_UNUSED_VARIABLE = YES;
				IPHONEOS_DEPLOYMENT_TARGET = 17.0;
				MTL_ENABLE_DEBUG_INFO = NO;
				MTL_FAST_MATH = YES;
				SDKROOT = iphoneos;
				SWIFT_COMPILATION_MODE = wholemodule;
				VALIDATE_PRODUCT = YES;
			};
			name = Release;
		};
		10A000000000000000000092 /* Debug */ = {
			isa = XCBuildConfiguration;
			buildSettings = {
				ASSETCATALOG_COMPILER_APPICON_NAME = AppIcon;
				ASSETCATALOG_COMPILER_GLOBAL_ACCENT_COLOR_NAME = AccentColor;
				CODE_SIGN_STYLE = Automatic;
				CURRENT_PROJECT_VERSION = 10;
				DEVELOPMENT_ASSET_PATHS = "";
				DEVELOPMENT_TEAM = WRDGP6XV4F;
				ENABLE_PREVIEWS = YES;
				GENERATE_INFOPLIST_FILE = NO;
				INFOPLIST_FILE = Sudoku/Info.plist;
				INFOPLIST_KEY_CFBundleDisplayName = KuSoDu;
				INFOPLIST_KEY_LSApplicationCategoryType = "public.app-category.games";
				INFOPLIST_KEY_UIApplicationSupportsIndirectInputEvents = YES;
				INFOPLIST_KEY_UILaunchScreen_Generation = YES;
				IPHONEOS_DEPLOYMENT_TARGET = 17.0;
				LD_RUNPATH_SEARCH_PATHS = (
					"$(inherited)",
					"@executable_path/Frameworks",
				);
				MARKETING_VERSION = 1.2;
				PRODUCT_BUNDLE_IDENTIFIER = com.tomhubert.Sudoku;
				PRODUCT_NAME = "$(TARGET_NAME)";
				SUPPORTED_PLATFORMS = "iphoneos iphonesimulator";
				SUPPORTS_MACCATALYST = NO;
				SUPPORTS_MAC_DESIGNED_FOR_IPHONE_IPAD = NO;
				SWIFT_EMIT_LOC_STRINGS = YES;
				SWIFT_VERSION = 5.0;
				TARGETED_DEVICE_FAMILY = "1,2";
			};
			name = Debug;
		};
		10A000000000000000000093 /* Release */ = {
			isa = XCBuildConfiguration;
			buildSettings = {
				ASSETCATALOG_COMPILER_APPICON_NAME = AppIcon;
				ASSETCATALOG_COMPILER_GLOBAL_ACCENT_COLOR_NAME = AccentColor;
				CODE_SIGN_STYLE = Automatic;
				CURRENT_PROJECT_VERSION = 10;
				DEVELOPMENT_ASSET_PATHS = "";
				DEVELOPMENT_TEAM = WRDGP6XV4F;
				ENABLE_PREVIEWS = YES;
				GENERATE_INFOPLIST_FILE = NO;
				INFOPLIST_FILE = Sudoku/Info.plist;
				INFOPLIST_KEY_CFBundleDisplayName = KuSoDu;
				INFOPLIST_KEY_LSApplicationCategoryType = "public.app-category.games";
				INFOPLIST_KEY_UIApplicationSupportsIndirectInputEvents = YES;
				INFOPLIST_KEY_UILaunchScreen_Generation = YES;
				IPHONEOS_DEPLOYMENT_TARGET = 17.0;
				LD_RUNPATH_SEARCH_PATHS = (
					"$(inherited)",
					"@executable_path/Frameworks",
				);
				MARKETING_VERSION = 1.2;
				PRODUCT_BUNDLE_IDENTIFIER = com.tomhubert.Sudoku;
				PRODUCT_NAME = "$(TARGET_NAME)";
				SUPPORTED_PLATFORMS = "iphoneos iphonesimulator";
				SUPPORTS_MACCATALYST = NO;
				SUPPORTS_MAC_DESIGNED_FOR_IPHONE_IPAD = NO;
				SWIFT_EMIT_LOC_STRINGS = YES;
				SWIFT_VERSION = 5.0;
				TARGETED_DEVICE_FAMILY = "1,2";
			};
			name = Release;
		};
		10B000000000000000000092 /* Debug */ = {
			isa = XCBuildConfiguration;
			buildSettings = {
				BUNDLE_LOADER = "$(TEST_HOST)";
				CODE_SIGN_STYLE = Automatic;
				CURRENT_PROJECT_VERSION = 10;
				DEVELOPMENT_TEAM = "";
				GENERATE_INFOPLIST_FILE = YES;
				IPHONEOS_DEPLOYMENT_TARGET = 17.0;
				LD_RUNPATH_SEARCH_PATHS = (
					"$(inherited)",
					"@executable_path/Frameworks",
					"@loader_path/Frameworks",
				);
				MARKETING_VERSION = 1.2;
				PRODUCT_BUNDLE_IDENTIFIER = com.tomhubert.SudokuTests;
				PRODUCT_NAME = "$(TARGET_NAME)";
				SWIFT_EMIT_LOC_STRINGS = NO;
				SWIFT_VERSION = 5.0;
				TARGETED_DEVICE_FAMILY = 1;
				TEST_HOST = "$(BUILT_PRODUCTS_DIR)/Sudoku.app/$(BUNDLE_EXECUTABLE_FOLDER_PATH)/Sudoku";
			};
			name = Debug;
		};
		10B000000000000000000093 /* Release */ = {
			isa = XCBuildConfiguration;
			buildSettings = {
				BUNDLE_LOADER = "$(TEST_HOST)";
				CODE_SIGN_STYLE = Automatic;
				CURRENT_PROJECT_VERSION = 10;
				DEVELOPMENT_TEAM = "";
				GENERATE_INFOPLIST_FILE = YES;
				IPHONEOS_DEPLOYMENT_TARGET = 17.0;
				LD_RUNPATH_SEARCH_PATHS = (
					"$(inherited)",
					"@executable_path/Frameworks",
					"@loader_path/Frameworks",
				);
				MARKETING_VERSION = 1.2;
				PRODUCT_BUNDLE_IDENTIFIER = com.tomhubert.SudokuTests;
				PRODUCT_NAME = "$(TARGET_NAME)";
				SWIFT_EMIT_LOC_STRINGS = NO;
				SWIFT_VERSION = 5.0;
				TARGETED_DEVICE_FAMILY = 1;
				TEST_HOST = "$(BUILT_PRODUCTS_DIR)/Sudoku.app/$(BUNDLE_EXECUTABLE_FOLDER_PATH)/Sudoku";
			};
			name = Release;
		};
/* End XCBuildConfiguration section */

/* Begin XCConfigurationList section */
		10A000000000000000000070 /* Build configuration list for PBXNativeTarget "Sudoku" */ = {
			isa = XCConfigurationList;
			buildConfigurations = (
				10A000000000000000000092 /* Debug */,
				10A000000000000000000093 /* Release */,
			);
			defaultConfigurationIsVisible = 0;
			defaultConfigurationName = Release;
		};
		10A000000000000000000081 /* Build configuration list for PBXProject "Sudoku" */ = {
			isa = XCConfigurationList;
			buildConfigurations = (
				10A000000000000000000090 /* Debug */,
				10A000000000000000000091 /* Release */,
			);
			defaultConfigurationIsVisible = 0;
			defaultConfigurationName = Release;
		};
		10B000000000000000000070 /* Build configuration list for PBXNativeTarget "SudokuTests" */ = {
			isa = XCConfigurationList;
			buildConfigurations = (
				10B000000000000000000092 /* Debug */,
				10B000000000000000000093 /* Release */,
			);
			defaultConfigurationIsVisible = 0;
			defaultConfigurationName = Release;
		};
/* End XCConfigurationList section */

	};
	rootObject = 10A000000000000000000080 /* Project object */;
}
